// !$*UTF8*$!
{
	archiveVersion = 1;
	classes = {
	};
	objectVersion = 46;
	objects = {

/* Begin PBXBuildFile section */
		380C6D441D0467F4009AE2BE /* main.m in Sources */ = {isa = PBXBuildFile; fileRef = 380C6D431D0467F4009AE2BE /* main.m */; };
		380C6D471D0467F4009AE2BE /* AppDelegate.m in Sources */ = {isa = PBXBuildFile; fileRef = 380C6D461D0467F4009AE2BE /* AppDelegate.m */; };
		380C6D4A1D0467F4009AE2BE /* ViewController.m in Sources */ = {isa = PBXBuildFile; fileRef = 380C6D491D0467F4009AE2BE /* ViewController.m */; };
		380C6D4D1D0467F4009AE2BE /* Main.storyboard in Resources */ = {isa = PBXBuildFile; fileRef = 380C6D4B1D0467F4009AE2BE /* Main.storyboard */; };
		380C6D4F1D0467F4009AE2BE /* Assets.xcassets in Resources */ = {isa = PBXBuildFile; fileRef = 380C6D4E1D0467F4009AE2BE /* Assets.xcassets */; };
		380C6D521D0467F4009AE2BE /* LaunchScreen.storyboard in Resources */ = {isa = PBXBuildFile; fileRef = 380C6D501D0467F4009AE2BE /* LaunchScreen.storyboard */; };
		388BA34B1D085215002FA20B /* TabBarController.m in Sources */ = {isa = PBXBuildFile; fileRef = 388BA34A1D085215002FA20B /* TabBarController.m */; };
		388BA3511D0932CA002FA20B /* ChangeDateViewController.m in Sources */ = {isa = PBXBuildFile; fileRef = 388BA3501D0932CA002FA20B /* ChangeDateViewController.m */; };
		38C5DE4C1D0956BF008023BE /* ChangeOptionTableViewController.m in Sources */ = {isa = PBXBuildFile; fileRef = 38C5DE4B1D0956BF008023BE /* ChangeOptionTableViewController.m */; };
		38C5DE4F1D0960D9008023BE /* GroupTableViewController.m in Sources */ = {isa = PBXBuildFile; fileRef = 38C5DE4E1D0960D9008023BE /* GroupTableViewController.m */; };
		38C5DE521D0996B7008023BE /* RequestTableViewController.m in Sources */ = {isa = PBXBuildFile; fileRef = 38C5DE511D0996B7008023BE /* RequestTableViewController.m */; };
		38C5DE551D099B31008023BE /* FriendRequest.m in Sources */ = {isa = PBXBuildFile; fileRef = 38C5DE541D099B31008023BE /* FriendRequest.m */; };
		38C5DE591D0A5D7B008023BE /* LoginViewController.m in Sources */ = {isa = PBXBuildFile; fileRef = 38C5DE581D0A5D7B008023BE /* LoginViewController.m */; };
		38C5DE5C1D0A6D20008023BE /* SignupViewController.m in Sources */ = {isa = PBXBuildFile; fileRef = 38C5DE5B1D0A6D20008023BE /* SignupViewController.m */; };
		38C5DE621D0A97FF008023BE /* SetPasswordViewController.m in Sources */ = {isa = PBXBuildFile; fileRef = 38C5DE611D0A97FF008023BE /* SetPasswordViewController.m */; };
		38C5DE651D0AE86F008023BE /* PickImageViewController.m in Sources */ = {isa = PBXBuildFile; fileRef = 38C5DE641D0AE86F008023BE /* PickImageViewController.m */; };
		38DF04FC1D0585AD0046D1FA /* ChatTableViewController.m in Sources */ = {isa = PBXBuildFile; fileRef = 38DF04FB1D0585AD0046D1FA /* ChatTableViewController.m */; };
		38DF04FF1D0585C30046D1FA /* ContactTableViewController.m in Sources */ = {isa = PBXBuildFile; fileRef = 38DF04FE1D0585C30046D1FA /* ContactTableViewController.m */; };
		38DF05021D0585D60046D1FA /* ProfileTableViewController.m in Sources */ = {isa = PBXBuildFile; fileRef = 38DF05011D0585D60046D1FA /* ProfileTableViewController.m */; };
		38DF05051D0664F40046D1FA /* TableViewCell.m in Sources */ = {isa = PBXBuildFile; fileRef = 38DF05041D0664F40046D1FA /* TableViewCell.m */; };
		38DF05081D06A41F0046D1FA /* ChatViewController.m in Sources */ = {isa = PBXBuildFile; fileRef = 38DF05071D06A41F0046D1FA /* ChatViewController.m */; };
		38DF05111D07C3E10046D1FA /* ChangeTextViewController.m in Sources */ = {isa = PBXBuildFile; fileRef = 38DF05101D07C3E10046D1FA /* ChangeTextViewController.m */; };
		38DF05141D07CE120046D1FA /* FriendTableViewController.m in Sources */ = {isa = PBXBuildFile; fileRef = 38DF05131D07CE120046D1FA /* FriendTableViewController.m */; };
		960164C2BAD20719447B521D /* Pods_iChat_for_iOS.framework in Frameworks */ = {isa = PBXBuildFile; fileRef = 203D00AB9A256D8D8E6D44C5 /* Pods_iChat_for_iOS.framework */; };
/* End PBXBuildFile section */

/* Begin PBXFileReference section */
		203D00AB9A256D8D8E6D44C5 /* Pods_iChat_for_iOS.framework */ = {isa = PBXFileReference; explicitFileType = wrapper.framework; includeInIndex = 0; path = Pods_iChat_for_iOS.framework; sourceTree = BUILT_PRODUCTS_DIR; };
		26CBC026E806145CE44FC656 /* Pods-iChat for iOS.debug.xcconfig */ = {isa = PBXFileReference; includeInIndex = 1; lastKnownFileType = text.xcconfig; name = "Pods-iChat for iOS.debug.xcconfig"; path = "Pods/Target Support Files/Pods-iChat for iOS/Pods-iChat for iOS.debug.xcconfig"; sourceTree = "<group>"; };
		380C6D3F1D0467F4009AE2BE /* iChat for iOS.app */ = {isa = PBXFileReference; explicitFileType = wrapper.application; includeInIndex = 0; path = "iChat for iOS.app"; sourceTree = BUILT_PRODUCTS_DIR; };
		380C6D431D0467F4009AE2BE /* main.m */ = {isa = PBXFileReference; lastKnownFileType = sourcecode.c.objc; path = main.m; sourceTree = "<group>"; };
		380C6D451D0467F4009AE2BE /* AppDelegate.h */ = {isa = PBXFileReference; lastKnownFileType = sourcecode.c.h; path = AppDelegate.h; sourceTree = "<group>"; };
		380C6D461D0467F4009AE2BE /* AppDelegate.m */ = {isa = PBXFileReference; lastKnownFileType = sourcecode.c.objc; path = AppDelegate.m; sourceTree = "<group>"; };
		380C6D481D0467F4009AE2BE /* ViewController.h */ = {isa = PBXFileReference; lastKnownFileType = sourcecode.c.h; path = ViewController.h; sourceTree = "<group>"; };
		380C6D491D0467F4009AE2BE /* ViewController.m */ = {isa = PBXFileReference; lastKnownFileType = sourcecode.c.objc; path = ViewController.m; sourceTree = "<group>"; };
		380C6D4C1D0467F4009AE2BE /* Base */ = {isa = PBXFileReference; lastKnownFileType = file.storyboard; name = Base; path = Base.lproj/Main.storyboard; sourceTree = "<group>"; };
		380C6D4E1D0467F4009AE2BE /* Assets.xcassets */ = {isa = PBXFileReference; lastKnownFileType = folder.assetcatalog; path = Assets.xcassets; sourceTree = "<group>"; };
		380C6D511D0467F4009AE2BE /* Base */ = {isa = PBXFileReference; lastKnownFileType = file.storyboard; name = Base; path = Base.lproj/LaunchScreen.storyboard; sourceTree = "<group>"; };
		380C6D531D0467F4009AE2BE /* Info.plist */ = {isa = PBXFileReference; lastKnownFileType = text.plist.xml; path = Info.plist; sourceTree = "<group>"; };
		388BA3491D085215002FA20B /* TabBarController.h */ = {isa = PBXFileReference; fileEncoding = 4; lastKnownFileType = sourcecode.c.h; path = TabBarController.h; sourceTree = "<group>"; };
		388BA34A1D085215002FA20B /* TabBarController.m */ = {isa = PBXFileReference; fileEncoding = 4; lastKnownFileType = sourcecode.c.objc; path = TabBarController.m; sourceTree = "<group>"; };
		388BA34F1D0932CA002FA20B /* ChangeDateViewController.h */ = {isa = PBXFileReference; fileEncoding = 4; lastKnownFileType = sourcecode.c.h; path = ChangeDateViewController.h; sourceTree = "<group>"; };
		388BA3501D0932CA002FA20B /* ChangeDateViewController.m */ = {isa = PBXFileReference; fileEncoding = 4; lastKnownFileType = sourcecode.c.objc; path = ChangeDateViewController.m; sourceTree = "<group>"; };
		38C5DE4A1D0956BF008023BE /* ChangeOptionTableViewController.h */ = {isa = PBXFileReference; fileEncoding = 4; lastKnownFileType = sourcecode.c.h; path = ChangeOptionTableViewController.h; sourceTree = "<group>"; };
		38C5DE4B1D0956BF008023BE /* ChangeOptionTableViewController.m */ = {isa = PBXFileReference; fileEncoding = 4; lastKnownFileType = sourcecode.c.objc; path = ChangeOptionTableViewController.m; sourceTree = "<group>"; };
		38C5DE4D1D0960D9008023BE /* GroupTableViewController.h */ = {isa = PBXFileReference; fileEncoding = 4; lastKnownFileType = sourcecode.c.h; path = GroupTableViewController.h; sourceTree = "<group>"; };
		38C5DE4E1D0960D9008023BE /* GroupTableViewController.m */ = {isa = PBXFileReference; fileEncoding = 4; lastKnownFileType = sourcecode.c.objc; path = GroupTableViewController.m; sourceTree = "<group>"; };
		38C5DE501D0996B7008023BE /* RequestTableViewController.h */ = {isa = PBXFileReference; fileEncoding = 4; lastKnownFileType = sourcecode.c.h; path = RequestTableViewController.h; sourceTree = "<group>"; };
		38C5DE511D0996B7008023BE /* RequestTableViewController.m */ = {isa = PBXFileReference; fileEncoding = 4; lastKnownFileType = sourcecode.c.objc; path = RequestTableViewController.m; sourceTree = "<group>"; };
		38C5DE531D099B31008023BE /* FriendRequest.h */ = {isa = PBXFileReference; fileEncoding = 4; lastKnownFileType = sourcecode.c.h; path = FriendRequest.h; sourceTree = "<group>"; };
		38C5DE541D099B31008023BE /* FriendRequest.m */ = {isa = PBXFileReference; fileEncoding = 4; lastKnownFileType = sourcecode.c.objc; path = FriendRequest.m; sourceTree = "<group>"; };
		38C5DE571D0A5D7B008023BE /* LoginViewController.h */ = {isa = PBXFileReference; fileEncoding = 4; lastKnownFileType = sourcecode.c.h; path = LoginViewController.h; sourceTree = "<group>"; };
		38C5DE581D0A5D7B008023BE /* LoginViewController.m */ = {isa = PBXFileReference; fileEncoding = 4; lastKnownFileType = sourcecode.c.objc; path = LoginViewController.m; sourceTree = "<group>"; };
		38C5DE5A1D0A6D20008023BE /* SignupViewController.h */ = {isa = PBXFileReference; fileEncoding = 4; lastKnownFileType = sourcecode.c.h; path = SignupViewController.h; sourceTree = "<group>"; };
		38C5DE5B1D0A6D20008023BE /* SignupViewController.m */ = {isa = PBXFileReference; fileEncoding = 4; lastKnownFileType = sourcecode.c.objc; path = SignupViewController.m; sourceTree = "<group>"; };
		38C5DE601D0A97FF008023BE /* SetPasswordViewController.h */ = {isa = PBXFileReference; fileEncoding = 4; lastKnownFileType = sourcecode.c.h; path = SetPasswordViewController.h; sourceTree = "<group>"; };
		38C5DE611D0A97FF008023BE /* SetPasswordViewController.m */ = {isa = PBXFileReference; fileEncoding = 4; lastKnownFileType = sourcecode.c.objc; path = SetPasswordViewController.m; sourceTree = "<group>"; };
		38C5DE631D0AE86F008023BE /* PickImageViewController.h */ = {isa = PBXFileReference; fileEncoding = 4; lastKnownFileType = sourcecode.c.h; path = PickImageViewController.h; sourceTree = "<group>"; };
		38C5DE641D0AE86F008023BE /* PickImageViewController.m */ = {isa = PBXFileReference; fileEncoding = 4; lastKnownFileType = sourcecode.c.objc; path = PickImageViewController.m; sourceTree = "<group>"; };
		38C5DE671D0B1D0A008023BE /* SwitchBetweenScreenDelegate.h */ = {isa = PBXFileReference; fileEncoding = 4; lastKnownFileType = sourcecode.c.h; path = SwitchBetweenScreenDelegate.h; sourceTree = "<group>"; };
		38DF04FA1D0585AD0046D1FA /* ChatTableViewController.h */ = {isa = PBXFileReference; fileEncoding = 4; lastKnownFileType = sourcecode.c.h; path = ChatTableViewController.h; sourceTree = "<group>"; };
		38DF04FB1D0585AD0046D1FA /* ChatTableViewController.m */ = {isa = PBXFileReference; fileEncoding = 4; lastKnownFileType = sourcecode.c.objc; path = ChatTableViewController.m; sourceTree = "<group>"; };
		38DF04FD1D0585C30046D1FA /* ContactTableViewController.h */ = {isa = PBXFileReference; fileEncoding = 4; lastKnownFileType = sourcecode.c.h; path = ContactTableViewController.h; sourceTree = "<group>"; };
		38DF04FE1D0585C30046D1FA /* ContactTableViewController.m */ = {isa = PBXFileReference; fileEncoding = 4; lastKnownFileType = sourcecode.c.objc; path = ContactTableViewController.m; sourceTree = "<group>"; };
		38DF05001D0585D60046D1FA /* ProfileTableViewController.h */ = {isa = PBXFileReference; fileEncoding = 4; lastKnownFileType = sourcecode.c.h; path = ProfileTableViewController.h; sourceTree = "<group>"; };
		38DF05011D0585D60046D1FA /* ProfileTableViewController.m */ = {isa = PBXFileReference; fileEncoding = 4; lastKnownFileType = sourcecode.c.objc; path = ProfileTableViewController.m; sourceTree = "<group>"; };
		38DF05031D0664F40046D1FA /* TableViewCell.h */ = {isa = PBXFileReference; fileEncoding = 4; lastKnownFileType = sourcecode.c.h; path = TableViewCell.h; sourceTree = "<group>"; };
		38DF05041D0664F40046D1FA /* TableViewCell.m */ = {isa = PBXFileReference; fileEncoding = 4; lastKnownFileType = sourcecode.c.objc; path = TableViewCell.m; sourceTree = "<group>"; };
		38DF05061D06A41F0046D1FA /* ChatViewController.h */ = {isa = PBXFileReference; fileEncoding = 4; lastKnownFileType = sourcecode.c.h; path = ChatViewController.h; sourceTree = "<group>"; };
		38DF05071D06A41F0046D1FA /* ChatViewController.m */ = {isa = PBXFileReference; fileEncoding = 4; lastKnownFileType = sourcecode.c.objc; path = ChatViewController.m; sourceTree = "<group>"; };
		38DF050F1D07C3E10046D1FA /* ChangeTextViewController.h */ = {isa = PBXFileReference; fileEncoding = 4; lastKnownFileType = sourcecode.c.h; path = ChangeTextViewController.h; sourceTree = "<group>"; };
		38DF05101D07C3E10046D1FA /* ChangeTextViewController.m */ = {isa = PBXFileReference; fileEncoding = 4; lastKnownFileType = sourcecode.c.objc; path = ChangeTextViewController.m; sourceTree = "<group>"; };
		38DF05121D07CE120046D1FA /* FriendTableViewController.h */ = {isa = PBXFileReference; fileEncoding = 4; lastKnownFileType = sourcecode.c.h; path = FriendTableViewController.h; sourceTree = "<group>"; };
		38DF05131D07CE120046D1FA /* FriendTableViewController.m */ = {isa = PBXFileReference; fileEncoding = 4; lastKnownFileType = sourcecode.c.objc; path = FriendTableViewController.m; sourceTree = "<group>"; };
		38DF05151D07DCAA0046D1FA /* iChat.h */ = {isa = PBXFileReference; lastKnownFileType = sourcecode.c.h; path = iChat.h; sourceTree = "<group>"; };
		49E4FF41B52983580A66FDD3 /* Pods-iChat for iOS.release.xcconfig */ = {isa = PBXFileReference; includeInIndex = 1; lastKnownFileType = text.xcconfig; name = "Pods-iChat for iOS.release.xcconfig"; path = "Pods/Target Support Files/Pods-iChat for iOS/Pods-iChat for iOS.release.xcconfig"; sourceTree = "<group>"; };
/* End PBXFileReference section */

/* Begin PBXFrameworksBuildPhase section */
		380C6D3C1D0467F4009AE2BE /* Frameworks */ = {
			isa = PBXFrameworksBuildPhase;
			buildActionMask = 2147483647;
			files = (
				960164C2BAD20719447B521D /* Pods_iChat_for_iOS.framework in Frameworks */,
			);
			runOnlyForDeploymentPostprocessing = 0;
		};
/* End PBXFrameworksBuildPhase section */

/* Begin PBXGroup section */
		380C6D361D0467F3009AE2BE = {
			isa = PBXGroup;
			children = (
				380C6D411D0467F4009AE2BE /* iChat for iOS */,
				380C6D401D0467F4009AE2BE /* Products */,
				9200A3E3583BE67E4C6E064B /* Pods */,
				7C3CB8D8413B24C1C6722237 /* Frameworks */,
			);
			sourceTree = "<group>";
		};
		380C6D401D0467F4009AE2BE /* Products */ = {
			isa = PBXGroup;
			children = (
				380C6D3F1D0467F4009AE2BE /* iChat for iOS.app */,
			);
			name = Products;
			sourceTree = "<group>";
		};
		380C6D411D0467F4009AE2BE /* iChat for iOS */ = {
			isa = PBXGroup;
			children = (
				380C6D451D0467F4009AE2BE /* AppDelegate.h */,
				380C6D461D0467F4009AE2BE /* AppDelegate.m */,
				38C5DE5D1D0A6F08008023BE /* Log in */,
				388BA3491D085215002FA20B /* TabBarController.h */,
				388BA34A1D085215002FA20B /* TabBarController.m */,
				38DF05031D0664F40046D1FA /* TableViewCell.h */,
				38DF05041D0664F40046D1FA /* TableViewCell.m */,
				38C5DE5E1D0A6F9F008023BE /* Chat */,
				38C5DE5F1D0A6FC6008023BE /* Contact */,
				38C5DE561D09A19E008023BE /* Profile */,
				380C6D4B1D0467F4009AE2BE /* Main.storyboard */,
				380C6D501D0467F4009AE2BE /* LaunchScreen.storyboard */,
				380C6D4E1D0467F4009AE2BE /* Assets.xcassets */,
				380C6D421D0467F4009AE2BE /* Supporting Files */,
			);
			path = "iChat for iOS";
			sourceTree = "<group>";
		};
		380C6D421D0467F4009AE2BE /* Supporting Files */ = {
			isa = PBXGroup;
			children = (
				380C6D431D0467F4009AE2BE /* main.m */,
				38DF05151D07DCAA0046D1FA /* iChat.h */,
				380C6D531D0467F4009AE2BE /* Info.plist */,
			);
			name = "Supporting Files";
			sourceTree = "<group>";
		};
		38C5DE561D09A19E008023BE /* Profile */ = {
			isa = PBXGroup;
			children = (
				38DF05001D0585D60046D1FA /* ProfileTableViewController.h */,
				38DF05011D0585D60046D1FA /* ProfileTableViewController.m */,
				38DF050F1D07C3E10046D1FA /* ChangeTextViewController.h */,
				38DF05101D07C3E10046D1FA /* ChangeTextViewController.m */,
				38C5DE4A1D0956BF008023BE /* ChangeOptionTableViewController.h */,
				38C5DE4B1D0956BF008023BE /* ChangeOptionTableViewController.m */,
				388BA34F1D0932CA002FA20B /* ChangeDateViewController.h */,
				388BA3501D0932CA002FA20B /* ChangeDateViewController.m */,
				38C5DE631D0AE86F008023BE /* PickImageViewController.h */,
				38C5DE641D0AE86F008023BE /* PickImageViewController.m */,
				38C5DE601D0A97FF008023BE /* SetPasswordViewController.h */,
				38C5DE611D0A97FF008023BE /* SetPasswordViewController.m */,
			);
			name = Profile;
			sourceTree = "<group>";
		};
		38C5DE5D1D0A6F08008023BE /* Log in */ = {
			isa = PBXGroup;
			children = (
				380C6D481D0467F4009AE2BE /* ViewController.h */,
				380C6D491D0467F4009AE2BE /* ViewController.m */,
				38C5DE671D0B1D0A008023BE /* SwitchBetweenScreenDelegate.h */,
				38C5DE571D0A5D7B008023BE /* LoginViewController.h */,
				38C5DE581D0A5D7B008023BE /* LoginViewController.m */,
				38C5DE5A1D0A6D20008023BE /* SignupViewController.h */,
				38C5DE5B1D0A6D20008023BE /* SignupViewController.m */,
			);
			name = "Log in";
			sourceTree = "<group>";
		};
		38C5DE5E1D0A6F9F008023BE /* Chat */ = {
			isa = PBXGroup;
			children = (
				38DF04FA1D0585AD0046D1FA /* ChatTableViewController.h */,
				38DF04FB1D0585AD0046D1FA /* ChatTableViewController.m */,
				38DF05061D06A41F0046D1FA /* ChatViewController.h */,
				38DF05071D06A41F0046D1FA /* ChatViewController.m */,
				38C5DE501D0996B7008023BE /* RequestTableViewController.h */,
				38C5DE511D0996B7008023BE /* RequestTableViewController.m */,
				38C5DE531D099B31008023BE /* FriendRequest.h */,
				38C5DE541D099B31008023BE /* FriendRequest.m */,
			);
			name = Chat;
			sourceTree = "<group>";
		};
		38C5DE5F1D0A6FC6008023BE /* Contact */ = {
			isa = PBXGroup;
			children = (
				38DF04FD1D0585C30046D1FA /* ContactTableViewController.h */,
				38DF04FE1D0585C30046D1FA /* ContactTableViewController.m */,
				38DF05121D07CE120046D1FA /* FriendTableViewController.h */,
				38DF05131D07CE120046D1FA /* FriendTableViewController.m */,
				38C5DE4D1D0960D9008023BE /* GroupTableViewController.h */,
				38C5DE4E1D0960D9008023BE /* GroupTableViewController.m */,
			);
			name = Contact;
			sourceTree = "<group>";
		};
		7C3CB8D8413B24C1C6722237 /* Frameworks */ = {
			isa = PBXGroup;
			children = (
				203D00AB9A256D8D8E6D44C5 /* Pods_iChat_for_iOS.framework */,
			);
			name = Frameworks;
			sourceTree = "<group>";
		};
		9200A3E3583BE67E4C6E064B /* Pods */ = {
			isa = PBXGroup;
			children = (
				26CBC026E806145CE44FC656 /* Pods-iChat for iOS.debug.xcconfig */,
				49E4FF41B52983580A66FDD3 /* Pods-iChat for iOS.release.xcconfig */,
			);
			name = Pods;
			sourceTree = "<group>";
		};
/* End PBXGroup section */

/* Begin PBXNativeTarget section */
		380C6D3E1D0467F4009AE2BE /* iChat for iOS */ = {
			isa = PBXNativeTarget;
			buildConfigurationList = 380C6D561D0467F4009AE2BE /* Build configuration list for PBXNativeTarget "iChat for iOS" */;
			buildPhases = (
				70E1B746A222D42DFB143395 /* 📦 Check Pods Manifest.lock */,
				380C6D3B1D0467F4009AE2BE /* Sources */,
				380C6D3C1D0467F4009AE2BE /* Frameworks */,
				380C6D3D1D0467F4009AE2BE /* Resources */,
				5DD365144EB3BF4976622991 /* 📦 Embed Pods Frameworks */,
				AE74222EDF518C3F0AC35FA3 /* 📦 Copy Pods Resources */,
			);
			buildRules = (
			);
			dependencies = (
			);
			name = "iChat for iOS";
			productName = "iChat for iOS";
			productReference = 380C6D3F1D0467F4009AE2BE /* iChat for iOS.app */;
			productType = "com.apple.product-type.application";
		};
/* End PBXNativeTarget section */

/* Begin PBXProject section */
		380C6D371D0467F4009AE2BE /* Project object */ = {
			isa = PBXProject;
			attributes = {
				LastUpgradeCheck = 0730;
				ORGANIZATIONNAME = Sylvanus;
				TargetAttributes = {
					380C6D3E1D0467F4009AE2BE = {
						CreatedOnToolsVersion = 7.3;
						DevelopmentTeam = VU655ZGTDL;
					};
				};
			};
			buildConfigurationList = 380C6D3A1D0467F4009AE2BE /* Build configuration list for PBXProject "iChat for iOS" */;
			compatibilityVersion = "Xcode 3.2";
			developmentRegion = English;
			hasScannedForEncodings = 0;
			knownRegions = (
				en,
				Base,
			);
			mainGroup = 380C6D361D0467F3009AE2BE;
			productRefGroup = 380C6D401D0467F4009AE2BE /* Products */;
			projectDirPath = "";
			projectRoot = "";
			targets = (
				380C6D3E1D0467F4009AE2BE /* iChat for iOS */,
			);
		};
/* End PBXProject section */

/* Begin PBXResourcesBuildPhase section */
		380C6D3D1D0467F4009AE2BE /* Resources */ = {
			isa = PBXResourcesBuildPhase;
			buildActionMask = 2147483647;
			files = (
				380C6D521D0467F4009AE2BE /* LaunchScreen.storyboard in Resources */,
				380C6D4F1D0467F4009AE2BE /* Assets.xcassets in Resources */,
				380C6D4D1D0467F4009AE2BE /* Main.storyboard in Resources */,
			);
			runOnlyForDeploymentPostprocessing = 0;
		};
/* End PBXResourcesBuildPhase section */

/* Begin PBXShellScriptBuildPhase section */
		5DD365144EB3BF4976622991 /* 📦 Embed Pods Frameworks */ = {
			isa = PBXShellScriptBuildPhase;
			buildActionMask = 2147483647;
			files = (
			);
			inputPaths = (
			);
			name = "📦 Embed Pods Frameworks";
			outputPaths = (
			);
			runOnlyForDeploymentPostprocessing = 0;
			shellPath = /bin/sh;
			shellScript = "\"${SRCROOT}/Pods/Target Support Files/Pods-iChat for iOS/Pods-iChat for iOS-frameworks.sh\"\n";
			showEnvVarsInLog = 0;
		};
		70E1B746A222D42DFB143395 /* 📦 Check Pods Manifest.lock */ = {
			isa = PBXShellScriptBuildPhase;
			buildActionMask = 2147483647;
			files = (
			);
			inputPaths = (
			);
			name = "📦 Check Pods Manifest.lock";
			outputPaths = (
			);
			runOnlyForDeploymentPostprocessing = 0;
			shellPath = /bin/sh;
			shellScript = "diff \"${PODS_ROOT}/../Podfile.lock\" \"${PODS_ROOT}/Manifest.lock\" > /dev/null\nif [[ $? != 0 ]] ; then\n    cat << EOM\nerror: The sandbox is not in sync with the Podfile.lock. Run 'pod install' or update your CocoaPods installation.\nEOM\n    exit 1\nfi\n";
			showEnvVarsInLog = 0;
		};
		AE74222EDF518C3F0AC35FA3 /* 📦 Copy Pods Resources */ = {
			isa = PBXShellScriptBuildPhase;
			buildActionMask = 2147483647;
			files = (
			);
			inputPaths = (
			);
			name = "📦 Copy Pods Resources";
			outputPaths = (
			);
			runOnlyForDeploymentPostprocessing = 0;
			shellPath = /bin/sh;
			shellScript = "\"${SRCROOT}/Pods/Target Support Files/Pods-iChat for iOS/Pods-iChat for iOS-resources.sh\"\n";
			showEnvVarsInLog = 0;
		};
/* End PBXShellScriptBuildPhase section */

/* Begin PBXSourcesBuildPhase section */
		380C6D3B1D0467F4009AE2BE /* Sources */ = {
			isa = PBXSourcesBuildPhase;
			buildActionMask = 2147483647;
			files = (
				38DF05051D0664F40046D1FA /* TableViewCell.m in Sources */,
				38DF04FF1D0585C30046D1FA /* ContactTableViewController.m in Sources */,
				380C6D4A1D0467F4009AE2BE /* ViewController.m in Sources */,
				38C5DE621D0A97FF008023BE /* SetPasswordViewController.m in Sources */,
				38DF05111D07C3E10046D1FA /* ChangeTextViewController.m in Sources */,
				380C6D471D0467F4009AE2BE /* AppDelegate.m in Sources */,
				38C5DE4F1D0960D9008023BE /* GroupTableViewController.m in Sources */,
				38C5DE521D0996B7008023BE /* RequestTableViewController.m in Sources */,
				38C5DE591D0A5D7B008023BE /* LoginViewController.m in Sources */,
				38C5DE651D0AE86F008023BE /* PickImageViewController.m in Sources */,
				388BA34B1D085215002FA20B /* TabBarController.m in Sources */,
				38DF05021D0585D60046D1FA /* ProfileTableViewController.m in Sources */,
				380C6D441D0467F4009AE2BE /* main.m in Sources */,
				388BA3511D0932CA002FA20B /* ChangeDateViewController.m in Sources */,
				38C5DE5C1D0A6D20008023BE /* SignupViewController.m in Sources */,
				38C5DE551D099B31008023BE /* FriendRequest.m in Sources */,
				38DF05141D07CE120046D1FA /* FriendTableViewController.m in Sources */,
				38C5DE4C1D0956BF008023BE /* ChangeOptionTableViewController.m in Sources */,
				38DF05081D06A41F0046D1FA /* ChatViewController.m in Sources */,
				38DF04FC1D0585AD0046D1FA /* ChatTableViewController.m in Sources */,
			);
			runOnlyForDeploymentPostprocessing = 0;
		};
/* End PBXSourcesBuildPhase section */

/* Begin PBXVariantGroup section */
		380C6D4B1D0467F4009AE2BE /* Main.storyboard */ = {
			isa = PBXVariantGroup;
			children = (
				380C6D4C1D0467F4009AE2BE /* Base */,
			);
			name = Main.storyboard;
			sourceTree = "<group>";
		};
		380C6D501D0467F4009AE2BE /* LaunchScreen.storyboard */ = {
			isa = PBXVariantGroup;
			children = (
				380C6D511D0467F4009AE2BE /* Base */,
			);
			name = LaunchScreen.storyboard;
			sourceTree = "<group>";
		};
/* End PBXVariantGroup section */

/* Begin XCBuildConfiguration section */
		380C6D541D0467F4009AE2BE /* Debug */ = {
			isa = XCBuildConfiguration;
			buildSettings = {
				ALWAYS_SEARCH_USER_PATHS = NO;
				CLANG_ANALYZER_NONNULL = YES;
				CLANG_CXX_LANGUAGE_STANDARD = "gnu++0x";
				CLANG_CXX_LIBRARY = "libc++";
				CLANG_ENABLE_MODULES = YES;
				CLANG_ENABLE_OBJC_ARC = YES;
				CLANG_WARN_BOOL_CONVERSION = YES;
				CLANG_WARN_CONSTANT_CONVERSION = YES;
				CLANG_WARN_DIRECT_OBJC_ISA_USAGE = YES_ERROR;
				CLANG_WARN_EMPTY_BODY = YES;
				CLANG_WARN_ENUM_CONVERSION = YES;
				CLANG_WARN_INT_CONVERSION = YES;
				CLANG_WARN_OBJC_ROOT_CLASS = YES_ERROR;
				CLANG_WARN_UNREACHABLE_CODE = YES;
				CLANG_WARN__DUPLICATE_METHOD_MATCH = YES;
				"CODE_SIGN_IDENTITY[sdk=iphoneos*]" = "iPhone Developer";
				COPY_PHASE_STRIP = NO;
				DEBUG_INFORMATION_FORMAT = dwarf;
				ENABLE_STRICT_OBJC_MSGSEND = YES;
				ENABLE_TESTABILITY = YES;
				GCC_C_LANGUAGE_STANDARD = gnu99;
				GCC_DYNAMIC_NO_PIC = NO;
				GCC_NO_COMMON_BLOCKS = YES;
				GCC_OPTIMIZATION_LEVEL = 0;
				GCC_PREPROCESSOR_DEFINITIONS = (
					"DEBUG=1",
					"$(inherited)",
				);
				GCC_WARN_64_TO_32_BIT_CONVERSION = YES;
				GCC_WARN_ABOUT_RETURN_TYPE = YES_ERROR;
				GCC_WARN_UNDECLARED_SELECTOR = YES;
				GCC_WARN_UNINITIALIZED_AUTOS = YES_AGGRESSIVE;
				GCC_WARN_UNUSED_FUNCTION = YES;
				GCC_WARN_UNUSED_VARIABLE = YES;
				IPHONEOS_DEPLOYMENT_TARGET = 9.3;
				MTL_ENABLE_DEBUG_INFO = YES;
				ONLY_ACTIVE_ARCH = YES;
				SDKROOT = iphoneos;
				TARGETED_DEVICE_FAMILY = "1,2";
			};
			name = Debug;
		};
		380C6D551D0467F4009AE2BE /* Release */ = {
			isa = XCBuildConfiguration;
			buildSettings = {
				ALWAYS_SEARCH_USER_PATHS = NO;
				CLANG_ANALYZER_NONNULL = YES;
				CLANG_CXX_LANGUAGE_STANDARD = "gnu++0x";
				CLANG_CXX_LIBRARY = "libc++";
				CLANG_ENABLE_MODULES = YES;
				CLANG_ENABLE_OBJC_ARC = YES;
				CLANG_WARN_BOOL_CONVERSION = YES;
				CLANG_WARN_CONSTANT_CONVERSION = YES;
				CLANG_WARN_DIRECT_OBJC_ISA_USAGE = YES_ERROR;
				CLANG_WARN_EMPTY_BODY = YES;
				CLANG_WARN_ENUM_CONVERSION = YES;
				CLANG_WARN_INT_CONVERSION = YES;
				CLANG_WARN_OBJC_ROOT_CLASS = YES_ERROR;
				CLANG_WARN_UNREACHABLE_CODE = YES;
				CLANG_WARN__DUPLICATE_METHOD_MATCH = YES;
				"CODE_SIGN_IDENTITY[sdk=iphoneos*]" = "iPhone Developer";
				COPY_PHASE_STRIP = NO;
				DEBUG_INFORMATION_FORMAT = "dwarf-with-dsym";
				ENABLE_NS_ASSERTIONS = NO;
				ENABLE_STRICT_OBJC_MSGSEND = YES;
				GCC_C_LANGUAGE_STANDARD = gnu99;
				GCC_NO_COMMON_BLOCKS = YES;
				GCC_WARN_64_TO_32_BIT_CONVERSION = YES;
				GCC_WARN_ABOUT_RETURN_TYPE = YES_ERROR;
				GCC_WARN_UNDECLARED_SELECTOR = YES;
				GCC_WARN_UNINITIALIZED_AUTOS = YES_AGGRESSIVE;
				GCC_WARN_UNUSED_FUNCTION = YES;
				GCC_WARN_UNUSED_VARIABLE = YES;
				IPHONEOS_DEPLOYMENT_TARGET = 9.3;
				MTL_ENABLE_DEBUG_INFO = NO;
				SDKROOT = iphoneos;
				TARGETED_DEVICE_FAMILY = "1,2";
				VALIDATE_PRODUCT = YES;
			};
			name = Release;
		};
		380C6D571D0467F4009AE2BE /* Debug */ = {
			isa = XCBuildConfiguration;
			baseConfigurationReference = 26CBC026E806145CE44FC656 /* Pods-iChat for iOS.debug.xcconfig */;
			buildSettings = {
				ASSETCATALOG_COMPILER_APPICON_NAME = AppIcon;
				CLANG_ENABLE_MODULES = YES;
				INFOPLIST_FILE = "iChat for iOS/Info.plist";
				LD_RUNPATH_SEARCH_PATHS = "$(inherited) @executable_path/Frameworks";
				PRODUCT_BUNDLE_IDENTIFIER = "Sylvanus.iChat-for-iOS";
				PRODUCT_NAME = "$(TARGET_NAME)";
				SWIFT_OBJC_BRIDGING_HEADER = "iChat for iOS/iChat for iOS-Bridging-Header.h";
				SWIFT_OPTIMIZATION_LEVEL = "-Onone";
			};
			name = Debug;
		};
		380C6D581D0467F4009AE2BE /* Release */ = {
			isa = XCBuildConfiguration;
			baseConfigurationReference = 49E4FF41B52983580A66FDD3 /* Pods-iChat for iOS.release.xcconfig */;
			buildSettings = {
				ASSETCATALOG_COMPILER_APPICON_NAME = AppIcon;
				CLANG_ENABLE_MODULES = YES;
				INFOPLIST_FILE = "iChat for iOS/Info.plist";
				LD_RUNPATH_SEARCH_PATHS = "$(inherited) @executable_path/Frameworks";
				PRODUCT_BUNDLE_IDENTIFIER = "Sylvanus.iChat-for-iOS";
				PRODUCT_NAME = "$(TARGET_NAME)";
				SWIFT_OBJC_BRIDGING_HEADER = "iChat for iOS/iChat for iOS-Bridging-Header.h";
			};
			name = Release;
		};
/* End XCBuildConfiguration section */

/* Begin XCConfigurationList section */
		380C6D3A1D0467F4009AE2BE /* Build configuration list for PBXProject "iChat for iOS" */ = {
			isa = XCConfigurationList;
			buildConfigurations = (
				380C6D541D0467F4009AE2BE /* Debug */,
				380C6D551D0467F4009AE2BE /* Release */,
			);
			defaultConfigurationIsVisible = 0;
			defaultConfigurationName = Release;
		};
		380C6D561D0467F4009AE2BE /* Build configuration list for PBXNativeTarget "iChat for iOS" */ = {
			isa = XCConfigurationList;
			buildConfigurations = (
				380C6D571D0467F4009AE2BE /* Debug */,
				380C6D581D0467F4009AE2BE /* Release */,
			);
			defaultConfigurationIsVisible = 0;
			defaultConfigurationName = Release;
		};
/* End XCConfigurationList section */
	};
	rootObject = 380C6D371D0467F4009AE2BE /* Project object */;
}
